
Microsoft Visual Studio Solution File, Format Version 12.00
# Visual Studio 14
VisualStudioVersion = 14.0.23107.0
MinimumVisualStudioVersion = 10.0.40219.1
Project("{FAE04EC0-301F-11D3-BF4B-00C04F79EFBC}") = "Bf", "Bf\Bf.csproj", "{1F32F0D6-4183-4105-B88F-7D366ADD8A1E}"
EndProject
Project("{FAE04EC0-301F-11D3-BF4B-00C04F79EFBC}") = "BfTest", "BfTest\BfTest.csproj", "{0B4FCF56-7963-4704-88C2-B88C9F9903F2}"
EndProject
Global
	GlobalSection(SolutionConfigurationPlatforms) = preSolution
		Debug|Any CPU = Debug|Any CPU
		Release|Any CPU = Release|Any CPU
	EndGlobalSection
	GlobalSection(ProjectConfigurationPlatforms) = postSolution
		{1F32F0D6-4183-4105-B88F-7D366ADD8A1E}.Debug|Any CPU.ActiveCfg = Debug|Any CPU
		{1F32F0D6-4183-4105-B88F-7D366ADD8A1E}.Debug|Any CPU.Build.0 = Debug|Any CPU
		{1F32F0D6-4183-4105-B88F-7D366ADD8A1E}.Release|Any CPU.ActiveCfg = Release|Any CPU
		{1F32F0D6-4183-4105-B88F-7D366ADD8A1E}.Release|Any CPU.Build.0 = Release|Any CPU
		{0B4FCF56-7963-4704-88C2-B88C9F9903F2}.Debug|Any CPU.ActiveCfg = Debug|Any CPU
		{0B4FCF56-7963-4704-88C2-B88C9F9903F2}.Debug|Any CPU.Build.0 = Debug|Any CPU
		{0B4FCF56-7963-4704-88C2-B88C9F9903F2}.Release|Any CPU.ActiveCfg = Release|Any CPU
		{0B4FCF56-7963-4704-88C2-B88C9F9903F2}.Release|Any CPU.Build.0 = Release|Any CPU
	EndGlobalSection
	GlobalSection(SolutionProperties) = preSolution
		HideSolutionNode = FALSE
	EndGlobalSection
EndGlobal
